
Microsoft Visual Studio Solution File, Format Version 12.00
# Visual Studio Version 17
VisualStudioVersion = 17.4.33213.308
MinimumVisualStudioVersion = 10.0.40219.1
Project("{FAE04EC0-301F-11D3-BF4B-00C04F79EFBC}") = "TennisKataStatePattern", "TennisKataStatePattern\TennisKataStatePattern.csproj", "{27F53941-D9DE-4F5C-B7E0-2FA641286CCE}"
EndProject
Global
	GlobalSection(SolutionConfigurationPlatforms) = preSolution
		Debug|Any CPU = Debug|Any CPU
		Release|Any CPU = Release|Any CPU
	EndGlobalSection
	GlobalSection(ProjectConfigurationPlatforms) = postSolution
		{27F53941-D9DE-4F5C-B7E0-2FA641286CCE}.Debug|Any CPU.ActiveCfg = Debug|Any CPU
		{27F53941-D9DE-4F5C-B7E0-2FA641286CCE}.Debug|Any CPU.Build.0 = Debug|Any CPU
		{27F53941-D9DE-4F5C-B7E0-2FA641286CCE}.Release|Any CPU.ActiveCfg = Release|Any CPU
		{27F53941-D9DE-4F5C-B7E0-2FA641286CCE}.Release|Any CPU.Build.0 = Release|Any CPU
	EndGlobalSection
	GlobalSection(SolutionProperties) = preSolution
		HideSolutionNode = FALSE
	EndGlobalSection
	GlobalSection(ExtensibilityGlobals) = postSolution
		SolutionGuid = {23BEBC24-38A1-461B-AC2A-96B38B725E20}
	EndGlobalSection
EndGlobal
